
Microsoft Visual Studio Solution File, Format Version 12.00
# Visual Studio 14
VisualStudioVersion = 14.0.25123.0
MinimumVisualStudioVersion = 10.0.40219.1
Project("{2150E333-8FDC-42A3-9474-1A3956D46DE8}") = "Silverlight", "Silverlight", "{EAF99021-123A-4E2F-9039-85003559100B}"
EndProject
Project("{2150E333-8FDC-42A3-9474-1A3956D46DE8}") = "Mono", "Mono", "{9C6E9536-59A0-4F06-8085-0BB30ECB5158}"
EndProject
Project("{2150E333-8FDC-42A3-9474-1A3956D46DE8}") = "Examples", "Examples", "{B0D5FBC5-E0A7-43C1-83E0-AC6B9224ADB6}"
EndProject
Project("{2150E333-8FDC-42A3-9474-1A3956D46DE8}") = "Tests", "Tests", "{C89D3C93-9BBC-47B9-943F-6962AACBE534}"
EndProject
Project("{2150E333-8FDC-42A3-9474-1A3956D46DE8}") = "WindowsPhone", "WindowsPhone", "{E3FF1F4F-8871-4373-8C3C-9A13E2ADA06A}"
EndProject
Project("{FAE04EC0-301F-11D3-BF4B-00C04F79EFBC}") = "STPExamples", "STPExamples\STPExamples.csproj", "{AE943A5A-7CFD-4E0D-BA51-FB763AAEA9A3}"
EndProject
Project("{FAE04EC0-301F-11D3-BF4B-00C04F79EFBC}") = "STPTests", "STPTests\STPTests.csproj", "{6A3E4DBF-12AD-4636-ACB3-24B5172FAE03}"
EndProject
Project("{FAE04EC0-301F-11D3-BF4B-00C04F79EFBC}") = "TestSmartThreadPool", "TestSmartThreadPool\TestSmartThreadPool.csproj", "{976DB12F-9198-4AD9-981A-1652615C9B0D}"
EndProject
Project("{FAE04EC0-301F-11D3-BF4B-00C04F79EFBC}") = "UsageControl", "UsageControl\UsageControl.csproj", "{C11A4561-CCB5-4C96-8DF2-B804031D89D8}"
EndProject
Project("{FAE04EC0-301F-11D3-BF4B-00C04F79EFBC}") = "WorkItemsGroupDemo", "WorkItemsGroupDemo\WorkItemsGroupDemo.csproj", "{DC005A64-FAE9-4CFA-ADC8-F1D1FE7FE6CD}"
EndProject
Project("{FAE04EC0-301F-11D3-BF4B-00C04F79EFBC}") = "SmartThreadPoolSL", "SmartThreadPool\SmartThreadPoolSL.csproj", "{A6590A96-22B3-4889-B80E-2C398810E441}"
EndProject
Project("{FAE04EC0-301F-11D3-BF4B-00C04F79EFBC}") = "STPSLDemo", "STPSLDemo\STPSLDemo.csproj", "{44EE4F12-169F-4949-91F7-EFC7100C8BE5}"
EndProject
Project("{FAE04EC0-301F-11D3-BF4B-00C04F79EFBC}") = "SmartThreadPoolMono", "SmartThreadPool\SmartThreadPoolMono.csproj", "{3462F30B-0156-409C-B256-6046D6F1764B}"
EndProject
Project("{FAE04EC0-301F-11D3-BF4B-00C04F79EFBC}") = "TestSmartThreadPoolMono", "TestSmartThreadPool\TestSmartThreadPoolMono.csproj", "{E8C4E483-0336-4D89-95F8-8924789ACA51}"
EndProject
Project("{FAE04EC0-301F-11D3-BF4B-00C04F79EFBC}") = "WorkItemsGroupDemoMono", "WorkItemsGroupDemo\WorkItemsGroupDemoMono.csproj", "{4B1DED71-6B32-4D9A-A811-120E5F1187D9}"
EndProject
Project("{FAE04EC0-301F-11D3-BF4B-00C04F79EFBC}") = "SmartThreadPoolWP", "SmartThreadPool\SmartThreadPoolWP.csproj", "{7FDC5E97-864A-4D4D-8B83-7F2F27AFABCC}"
EndProject
Project("{FAE04EC0-301F-11D3-BF4B-00C04F79EFBC}") = "STPWPDemo", "STPWPDemo\STPWPDemo.csproj", "{8135F574-8998-46CF-A236-DB2AB4E9F858}"
EndProject
Project("{2150E333-8FDC-42A3-9474-1A3956D46DE8}") = "Windows", "Windows", "{ACF3EE89-CBCE-4AC8-A2DE-40D400175580}"
EndProject
Project("{FAE04EC0-301F-11D3-BF4B-00C04F79EFBC}") = "SmartThreadPool20", "SmartThreadPool\SmartThreadPool20.csproj", "{74D4C33F-7CC8-4B2A-A7DF-D8B6E63B6EBD}"
EndProject
Project("{FAE04EC0-301F-11D3-BF4B-00C04F79EFBC}") = "SmartThreadPool40", "SmartThreadPool\SmartThreadPool40.csproj", "{18F1C8B6-FD1C-4E63-9FC5-1081120F7540}"
EndProject
Project("{FAE04EC0-301F-11D3-BF4B-00C04F79EFBC}") = "SmartThreadPool45", "SmartThreadPool\SmartThreadPool45.csproj", "{9901CC77-B854-4EEA-B913-7BE2566005C3}"
EndProject
Global
	GlobalSection(SolutionConfigurationPlatforms) = preSolution
		Debug|Any CPU = Debug|Any CPU
		Debug|ARM = Debug|ARM
		Debug|x86 = Debug|x86
		Publish|Any CPU = Publish|Any CPU
		Publish|ARM = Publish|ARM
		Publish|x86 = Publish|x86
		Release|Any CPU = Release|Any CPU
		Release|ARM = Release|ARM
		Release|x86 = Release|x86
	EndGlobalSection
	GlobalSection(ProjectConfigurationPlatforms) = postSolution
		{AE943A5A-7CFD-4E0D-BA51-FB763AAEA9A3}.Debug|Any CPU.ActiveCfg = Debug|Any CPU
		{AE943A5A-7CFD-4E0D-BA51-FB763AAEA9A3}.Debug|Any CPU.Build.0 = Debug|Any CPU
		{AE943A5A-7CFD-4E0D-BA51-FB763AAEA9A3}.Debug|ARM.ActiveCfg = Debug|Any CPU
		{AE943A5A-7CFD-4E0D-BA51-FB763AAEA9A3}.Debug|ARM.Build.0 = Debug|Any CPU
		{AE943A5A-7CFD-4E0D-BA51-FB763AAEA9A3}.Debug|x86.ActiveCfg = Debug|Any CPU
		{AE943A5A-7CFD-4E0D-BA51-FB763AAEA9A3}.Debug|x86.Build.0 = Debug|Any CPU
		{AE943A5A-7CFD-4E0D-BA51-FB763AAEA9A3}.Publish|Any CPU.ActiveCfg = Publish|Any CPU
		{AE943A5A-7CFD-4E0D-BA51-FB763AAEA9A3}.Publish|Any CPU.Build.0 = Publish|Any CPU
		{AE943A5A-7CFD-4E0D-BA51-FB763AAEA9A3}.Publish|ARM.ActiveCfg = Publish|Any CPU
		{AE943A5A-7CFD-4E0D-BA51-FB763AAEA9A3}.Publish|ARM.Build.0 = Publish|Any CPU
		{AE943A5A-7CFD-4E0D-BA51-FB763AAEA9A3}.Publish|x86.ActiveCfg = Publish|Any CPU
		{AE943A5A-7CFD-4E0D-BA51-FB763AAEA9A3}.Publish|x86.Build.0 = Publish|Any CPU
		{AE943A5A-7CFD-4E0D-BA51-FB763AAEA9A3}.Release|Any CPU.ActiveCfg = Release|Any CPU
		{AE943A5A-7CFD-4E0D-BA51-FB763AAEA9A3}.Release|Any CPU.Build.0 = Release|Any CPU
		{AE943A5A-7CFD-4E0D-BA51-FB763AAEA9A3}.Release|ARM.ActiveCfg = Release|Any CPU
		{AE943A5A-7CFD-4E0D-BA51-FB763AAEA9A3}.Release|ARM.Build.0 = Release|Any CPU
		{AE943A5A-7CFD-4E0D-BA51-FB763AAEA9A3}.Release|x86.ActiveCfg = Release|Any CPU
		{AE943A5A-7CFD-4E0D-BA51-FB763AAEA9A3}.Release|x86.Build.0 = Release|Any CPU
		{6A3E4DBF-12AD-4636-ACB3-24B5172FAE03}.Debug|Any CPU.ActiveCfg = Debug|Any CPU
		{6A3E4DBF-12AD-4636-ACB3-24B5172FAE03}.Debug|Any CPU.Build.0 = Debug|Any CPU
		{6A3E4DBF-12AD-4636-ACB3-24B5172FAE03}.Debug|ARM.ActiveCfg = Debug|Any CPU
		{6A3E4DBF-12AD-4636-ACB3-24B5172FAE03}.Debug|ARM.Build.0 = Debug|Any CPU
		{6A3E4DBF-12AD-4636-ACB3-24B5172FAE03}.Debug|x86.ActiveCfg = Debug|Any CPU
		{6A3E4DBF-12AD-4636-ACB3-24B5172FAE03}.Debug|x86.Build.0 = Debug|Any CPU
		{6A3E4DBF-12AD-4636-ACB3-24B5172FAE03}.Publish|Any CPU.ActiveCfg = Publish|Any CPU
		{6A3E4DBF-12AD-4636-ACB3-24B5172FAE03}.Publish|Any CPU.Build.0 = Publish|Any CPU
		{6A3E4DBF-12AD-4636-ACB3-24B5172FAE03}.Publish|ARM.ActiveCfg = Publish|Any CPU
		{6A3E4DBF-12AD-4636-ACB3-24B5172FAE03}.Publish|ARM.Build.0 = Publish|Any CPU
		{6A3E4DBF-12AD-4636-ACB3-24B5172FAE03}.Publish|x86.ActiveCfg = Publish|Any CPU
		{6A3E4DBF-12AD-4636-ACB3-24B5172FAE03}.Publish|x86.Build.0 = Publish|Any CPU
		{6A3E4DBF-12AD-4636-ACB3-24B5172FAE03}.Release|Any CPU.ActiveCfg = Release|Any CPU
		{6A3E4DBF-12AD-4636-ACB3-24B5172FAE03}.Release|Any CPU.Build.0 = Release|Any CPU
		{6A3E4DBF-12AD-4636-ACB3-24B5172FAE03}.Release|ARM.ActiveCfg = Release|Any CPU
		{6A3E4DBF-12AD-4636-ACB3-24B5172FAE03}.Release|ARM.Build.0 = Release|Any CPU
		{6A3E4DBF-12AD-4636-ACB3-24B5172FAE03}.Release|x86.ActiveCfg = Release|Any CPU
		{6A3E4DBF-12AD-4636-ACB3-24B5172FAE03}.Release|x86.Build.0 = Release|Any CPU
		{976DB12F-9198-4AD9-981A-1652615C9B0D}.Debug|Any CPU.ActiveCfg = Debug|Any CPU
		{976DB12F-9198-4AD9-981A-1652615C9B0D}.Debug|Any CPU.Build.0 = Debug|Any CPU
		{976DB12F-9198-4AD9-981A-1652615C9B0D}.Debug|ARM.ActiveCfg = Debug|Any CPU
		{976DB12F-9198-4AD9-981A-1652615C9B0D}.Debug|ARM.Build.0 = Debug|Any CPU
		{976DB12F-9198-4AD9-981A-1652615C9B0D}.Debug|x86.ActiveCfg = Debug|Any CPU
		{976DB12F-9198-4AD9-981A-1652615C9B0D}.Debug|x86.Build.0 = Debug|Any CPU
		{976DB12F-9198-4AD9-981A-1652615C9B0D}.Publish|Any CPU.ActiveCfg = Publish|Any CPU
		{976DB12F-9198-4AD9-981A-1652615C9B0D}.Publish|Any CPU.Build.0 = Publish|Any CPU
		{976DB12F-9198-4AD9-981A-1652615C9B0D}.Publish|ARM.ActiveCfg = Publish|Any CPU
		{976DB12F-9198-4AD9-981A-1652615C9B0D}.Publish|ARM.Build.0 = Publish|Any CPU
		{976DB12F-9198-4AD9-981A-1652615C9B0D}.Publish|x86.ActiveCfg = Publish|Any CPU
		{976DB12F-9198-4AD9-981A-1652615C9B0D}.Publish|x86.Build.0 = Publish|Any CPU
		{976DB12F-9198-4AD9-981A-1652615C9B0D}.Release|Any CPU.ActiveCfg = Release|Any CPU
		{976DB12F-9198-4AD9-981A-1652615C9B0D}.Release|Any CPU.Build.0 = Release|Any CPU
		{976DB12F-9198-4AD9-981A-1652615C9B0D}.Release|ARM.ActiveCfg = Release|Any CPU
		{976DB12F-9198-4AD9-981A-1652615C9B0D}.Release|ARM.Build.0 = Release|Any CPU
		{976DB12F-9198-4AD9-981A-1652615C9B0D}.Release|x86.ActiveCfg = Release|Any CPU
		{976DB12F-9198-4AD9-981A-1652615C9B0D}.Release|x86.Build.0 = Release|Any CPU
		{C11A4561-CCB5-4C96-8DF2-B804031D89D8}.Debug|Any CPU.ActiveCfg = Debug|Any CPU
		{C11A4561-CCB5-4C96-8DF2-B804031D89D8}.Debug|Any CPU.Build.0 = Debug|Any CPU
		{C11A4561-CCB5-4C96-8DF2-B804031D89D8}.Debug|ARM.ActiveCfg = Debug|Any CPU
		{C11A4561-CCB5-4C96-8DF2-B804031D89D8}.Debug|ARM.Build.0 = Debug|Any CPU
		{C11A4561-CCB5-4C96-8DF2-B804031D89D8}.Debug|x86.ActiveCfg = Debug|Any CPU
		{C11A4561-CCB5-4C96-8DF2-B804031D89D8}.Debug|x86.Build.0 = Debug|Any CPU
		{C11A4561-CCB5-4C96-8DF2-B804031D89D8}.Publish|Any CPU.ActiveCfg = Publish|Any CPU
		{C11A4561-CCB5-4C96-8DF2-B804031D89D8}.Publish|Any CPU.Build.0 = Publish|Any CPU
		{C11A4561-CCB5-4C96-8DF2-B804031D89D8}.Publish|ARM.ActiveCfg = Publish|Any CPU
		{C11A4561-CCB5-4C96-8DF2-B804031D89D8}.Publish|ARM.Build.0 = Publish|Any CPU
		{C11A4561-CCB5-4C96-8DF2-B804031D89D8}.Publish|x86.ActiveCfg = Publish|Any CPU
		{C11A4561-CCB5-4C96-8DF2-B804031D89D8}.Publish|x86.Build.0 = Publish|Any CPU
		{C11A4561-CCB5-4C96-8DF2-B804031D89D8}.Release|Any CPU.ActiveCfg = Release|Any CPU
		{C11A4561-CCB5-4C96-8DF2-B804031D89D8}.Release|Any CPU.Build.0 = Release|Any CPU
		{C11A4561-CCB5-4C96-8DF2-B804031D89D8}.Release|ARM.ActiveCfg = Release|Any CPU
		{C11A4561-CCB5-4C96-8DF2-B804031D89D8}.Release|ARM.Build.0 = Release|Any CPU
		{C11A4561-CCB5-4C96-8DF2-B804031D89D8}.Release|x86.ActiveCfg = Release|Any CPU
		{C11A4561-CCB5-4C96-8DF2-B804031D89D8}.Release|x86.Build.0 = Release|Any CPU
		{DC005A64-FAE9-4CFA-ADC8-F1D1FE7FE6CD}.Debug|Any CPU.ActiveCfg = Debug|Any CPU
		{DC005A64-FAE9-4CFA-ADC8-F1D1FE7FE6CD}.Debug|Any CPU.Build.0 = Debug|Any CPU
		{DC005A64-FAE9-4CFA-ADC8-F1D1FE7FE6CD}.Debug|ARM.ActiveCfg = Debug|Any CPU
		{DC005A64-FAE9-4CFA-ADC8-F1D1FE7FE6CD}.Debug|ARM.Build.0 = Debug|Any CPU
		{DC005A64-FAE9-4CFA-ADC8-F1D1FE7FE6CD}.Debug|x86.ActiveCfg = Debug|Any CPU
		{DC005A64-FAE9-4CFA-ADC8-F1D1FE7FE6CD}.Debug|x86.Build.0 = Debug|Any CPU
		{DC005A64-FAE9-4CFA-ADC8-F1D1FE7FE6CD}.Publish|Any CPU.ActiveCfg = Publish|Any CPU
		{DC005A64-FAE9-4CFA-ADC8-F1D1FE7FE6CD}.Publish|Any CPU.Build.0 = Publish|Any CPU
		{DC005A64-FAE9-4CFA-ADC8-F1D1FE7FE6CD}.Publish|ARM.ActiveCfg = Publish|Any CPU
		{DC005A64-FAE9-4CFA-ADC8-F1D1FE7FE6CD}.Publish|ARM.Build.0 = Publish|Any CPU
		{DC005A64-FAE9-4CFA-ADC8-F1D1FE7FE6CD}.Publish|x86.ActiveCfg = Publish|Any CPU
		{DC005A64-FAE9-4CFA-ADC8-F1D1FE7FE6CD}.Publish|x86.Build.0 = Publish|Any CPU
		{DC005A64-FAE9-4CFA-ADC8-F1D1FE7FE6CD}.Release|Any CPU.ActiveCfg = Release|Any CPU
		{DC005A64-FAE9-4CFA-ADC8-F1D1FE7FE6CD}.Release|Any CPU.Build.0 = Release|Any CPU
		{DC005A64-FAE9-4CFA-ADC8-F1D1FE7FE6CD}.Release|ARM.ActiveCfg = Release|Any CPU
		{DC005A64-FAE9-4CFA-ADC8-F1D1FE7FE6CD}.Release|ARM.Build.0 = Release|Any CPU
		{DC005A64-FAE9-4CFA-ADC8-F1D1FE7FE6CD}.Release|x86.ActiveCfg = Release|Any CPU
		{DC005A64-FAE9-4CFA-ADC8-F1D1FE7FE6CD}.Release|x86.Build.0 = Release|Any CPU
		{A6590A96-22B3-4889-B80E-2C398810E441}.Debug|Any CPU.ActiveCfg = Debug|Any CPU
		{A6590A96-22B3-4889-B80E-2C398810E441}.Debug|Any CPU.Build.0 = Debug|Any CPU
		{A6590A96-22B3-4889-B80E-2C398810E441}.Debug|ARM.ActiveCfg = Debug|Any CPU
		{A6590A96-22B3-4889-B80E-2C398810E441}.Debug|ARM.Build.0 = Debug|Any CPU
		{A6590A96-22B3-4889-B80E-2C398810E441}.Debug|x86.ActiveCfg = Debug|Any CPU
		{A6590A96-22B3-4889-B80E-2C398810E441}.Debug|x86.Build.0 = Debug|Any CPU
		{A6590A96-22B3-4889-B80E-2C398810E441}.Publish|Any CPU.ActiveCfg = Publish|Any CPU
		{A6590A96-22B3-4889-B80E-2C398810E441}.Publish|Any CPU.Build.0 = Publish|Any CPU
		{A6590A96-22B3-4889-B80E-2C398810E441}.Publish|ARM.ActiveCfg = Publish|Any CPU
		{A6590A96-22B3-4889-B80E-2C398810E441}.Publish|ARM.Build.0 = Publish|Any CPU
		{A6590A96-22B3-4889-B80E-2C398810E441}.Publish|x86.ActiveCfg = Publish|Any CPU
		{A6590A96-22B3-4889-B80E-2C398810E441}.Publish|x86.Build.0 = Publish|Any CPU
		{A6590A96-22B3-4889-B80E-2C398810E441}.Release|Any CPU.ActiveCfg = Release|Any CPU
		{A6590A96-22B3-4889-B80E-2C398810E441}.Release|Any CPU.Build.0 = Release|Any CPU
		{A6590A96-22B3-4889-B80E-2C398810E441}.Release|ARM.ActiveCfg = Release|Any CPU
		{A6590A96-22B3-4889-B80E-2C398810E441}.Release|ARM.Build.0 = Release|Any CPU
		{A6590A96-22B3-4889-B80E-2C398810E441}.Release|x86.ActiveCfg = Release|Any CPU
		{A6590A96-22B3-4889-B80E-2C398810E441}.Release|x86.Build.0 = Release|Any CPU
		{44EE4F12-169F-4949-91F7-EFC7100C8BE5}.Debug|Any CPU.ActiveCfg = Debug|Any CPU
		{44EE4F12-169F-4949-91F7-EFC7100C8BE5}.Debug|Any CPU.Build.0 = Debug|Any CPU
		{44EE4F12-169F-4949-91F7-EFC7100C8BE5}.Debug|ARM.ActiveCfg = Debug|Any CPU
		{44EE4F12-169F-4949-91F7-EFC7100C8BE5}.Debug|ARM.Build.0 = Debug|Any CPU
		{44EE4F12-169F-4949-91F7-EFC7100C8BE5}.Debug|x86.ActiveCfg = Debug|Any CPU
		{44EE4F12-169F-4949-91F7-EFC7100C8BE5}.Debug|x86.Build.0 = Debug|Any CPU
		{44EE4F12-169F-4949-91F7-EFC7100C8BE5}.Publish|Any CPU.ActiveCfg = Publish|Any CPU
		{44EE4F12-169F-4949-91F7-EFC7100C8BE5}.Publish|Any CPU.Build.0 = Publish|Any CPU
		{44EE4F12-169F-4949-91F7-EFC7100C8BE5}.Publish|ARM.ActiveCfg = Publish|Any CPU
		{44EE4F12-169F-4949-91F7-EFC7100C8BE5}.Publish|ARM.Build.0 = Publish|Any CPU
		{44EE4F12-169F-4949-91F7-EFC7100C8BE5}.Publish|x86.ActiveCfg = Publish|Any CPU
		{44EE4F12-169F-4949-91F7-EFC7100C8BE5}.Publish|x86.Build.0 = Publish|Any CPU
		{44EE4F12-169F-4949-91F7-EFC7100C8BE5}.Release|Any CPU.ActiveCfg = Release|Any CPU
		{44EE4F12-169F-4949-91F7-EFC7100C8BE5}.Release|Any CPU.Build.0 = Release|Any CPU
		{44EE4F12-169F-4949-91F7-EFC7100C8BE5}.Release|ARM.ActiveCfg = Release|Any CPU
		{44EE4F12-169F-4949-91F7-EFC7100C8BE5}.Release|ARM.Build.0 = Release|Any CPU
		{44EE4F12-169F-4949-91F7-EFC7100C8BE5}.Release|x86.ActiveCfg = Release|Any CPU
		{44EE4F12-169F-4949-91F7-EFC7100C8BE5}.Release|x86.Build.0 = Release|Any CPU
		{3462F30B-0156-409C-B256-6046D6F1764B}.Debug|Any CPU.ActiveCfg = Debug|Any CPU
		{3462F30B-0156-409C-B256-6046D6F1764B}.Debug|Any CPU.Build.0 = Debug|Any CPU
		{3462F30B-0156-409C-B256-6046D6F1764B}.Debug|ARM.ActiveCfg = Debug|Any CPU
		{3462F30B-0156-409C-B256-6046D6F1764B}.Debug|ARM.Build.0 = Debug|Any CPU
		{3462F30B-0156-409C-B256-6046D6F1764B}.Debug|x86.ActiveCfg = Debug|Any CPU
		{3462F30B-0156-409C-B256-6046D6F1764B}.Debug|x86.Build.0 = Debug|Any CPU
		{3462F30B-0156-409C-B256-6046D6F1764B}.Publish|Any CPU.ActiveCfg = Publish|Any CPU
		{3462F30B-0156-409C-B256-6046D6F1764B}.Publish|Any CPU.Build.0 = Publish|Any CPU
		{3462F30B-0156-409C-B256-6046D6F1764B}.Publish|ARM.ActiveCfg = Publish|Any CPU
		{3462F30B-0156-409C-B256-6046D6F1764B}.Publish|ARM.Build.0 = Publish|Any CPU
		{3462F30B-0156-409C-B256-6046D6F1764B}.Publish|x86.ActiveCfg = Publish|Any CPU
		{3462F30B-0156-409C-B256-6046D6F1764B}.Publish|x86.Build.0 = Publish|Any CPU
		{3462F30B-0156-409C-B256-6046D6F1764B}.Release|Any CPU.ActiveCfg = Release|Any CPU
		{3462F30B-0156-409C-B256-6046D6F1764B}.Release|Any CPU.Build.0 = Release|Any CPU
		{3462F30B-0156-409C-B256-6046D6F1764B}.Release|ARM.ActiveCfg = Release|Any CPU
		{3462F30B-0156-409C-B256-6046D6F1764B}.Release|ARM.Build.0 = Release|Any CPU
		{3462F30B-0156-409C-B256-6046D6F1764B}.Release|x86.ActiveCfg = Release|Any CPU
		{3462F30B-0156-409C-B256-6046D6F1764B}.Release|x86.Build.0 = Release|Any CPU
		{E8C4E483-0336-4D89-95F8-8924789ACA51}.Debug|Any CPU.ActiveCfg = Debug|Any CPU
		{E8C4E483-0336-4D89-95F8-8924789ACA51}.Debug|Any CPU.Build.0 = Debug|Any CPU
		{E8C4E483-0336-4D89-95F8-8924789ACA51}.Debug|ARM.ActiveCfg = Debug|Any CPU
		{E8C4E483-0336-4D89-95F8-8924789ACA51}.Debug|ARM.Build.0 = Debug|Any CPU
		{E8C4E483-0336-4D89-95F8-8924789ACA51}.Debug|x86.ActiveCfg = Debug|Any CPU
		{E8C4E483-0336-4D89-95F8-8924789ACA51}.Debug|x86.Build.0 = Debug|Any CPU
		{E8C4E483-0336-4D89-95F8-8924789ACA51}.Publish|Any CPU.ActiveCfg = Publish|Any CPU
		{E8C4E483-0336-4D89-95F8-8924789ACA51}.Publish|Any CPU.Build.0 = Publish|Any CPU
		{E8C4E483-0336-4D89-95F8-8924789ACA51}.Publish|ARM.ActiveCfg = Publish|Any CPU
		{E8C4E483-0336-4D89-95F8-8924789ACA51}.Publish|ARM.Build.0 = Publish|Any CPU
		{E8C4E483-0336-4D89-95F8-8924789ACA51}.Publish|x86.ActiveCfg = Publish|Any CPU
		{E8C4E483-0336-4D89-95F8-8924789ACA51}.Publish|x86.Build.0 = Publish|Any CPU
		{E8C4E483-0336-4D89-95F8-8924789ACA51}.Release|Any CPU.ActiveCfg = Release|Any CPU
		{E8C4E483-0336-4D89-95F8-8924789ACA51}.Release|Any CPU.Build.0 = Release|Any CPU
		{E8C4E483-0336-4D89-95F8-8924789ACA51}.Release|ARM.ActiveCfg = Release|Any CPU
		{E8C4E483-0336-4D89-95F8-8924789ACA51}.Release|ARM.Build.0 = Release|Any CPU
		{E8C4E483-0336-4D89-95F8-8924789ACA51}.Release|x86.ActiveCfg = Release|Any CPU
		{E8C4E483-0336-4D89-95F8-8924789ACA51}.Release|x86.Build.0 = Release|Any CPU
		{4B1DED71-6B32-4D9A-A811-120E5F1187D9}.Debug|Any CPU.ActiveCfg = Debug|Any CPU
		{4B1DED71-6B32-4D9A-A811-120E5F1187D9}.Debug|Any CPU.Build.0 = Debug|Any CPU
		{4B1DED71-6B32-4D9A-A811-120E5F1187D9}.Debug|ARM.ActiveCfg = Debug|Any CPU
		{4B1DED71-6B32-4D9A-A811-120E5F1187D9}.Debug|ARM.Build.0 = Debug|Any CPU
		{4B1DED71-6B32-4D9A-A811-120E5F1187D9}.Debug|x86.ActiveCfg = Debug|Any CPU
		{4B1DED71-6B32-4D9A-A811-120E5F1187D9}.Debug|x86.Build.0 = Debug|Any CPU
		{4B1DED71-6B32-4D9A-A811-120E5F1187D9}.Publish|Any CPU.ActiveCfg = Publish|Any CPU
		{4B1DED71-6B32-4D9A-A811-120E5F1187D9}.Publish|Any CPU.Build.0 = Publish|Any CPU
		{4B1DED71-6B32-4D9A-A811-120E5F1187D9}.Publish|ARM.ActiveCfg = Publish|Any CPU
		{4B1DED71-6B32-4D9A-A811-120E5F1187D9}.Publish|ARM.Build.0 = Publish|Any CPU
		{4B1DED71-6B32-4D9A-A811-120E5F1187D9}.Publish|x86.ActiveCfg = Publish|Any CPU
		{4B1DED71-6B32-4D9A-A811-120E5F1187D9}.Publish|x86.Build.0 = Publish|Any CPU
		{4B1DED71-6B32-4D9A-A811-120E5F1187D9}.Release|Any CPU.ActiveCfg = Release|Any CPU
		{4B1DED71-6B32-4D9A-A811-120E5F1187D9}.Release|Any CPU.Build.0 = Release|Any CPU
		{4B1DED71-6B32-4D9A-A811-120E5F1187D9}.Release|ARM.ActiveCfg = Release|Any CPU
		{4B1DED71-6B32-4D9A-A811-120E5F1187D9}.Release|ARM.Build.0 = Release|Any CPU
		{4B1DED71-6B32-4D9A-A811-120E5F1187D9}.Release|x86.ActiveCfg = Release|Any CPU
		{4B1DED71-6B32-4D9A-A811-120E5F1187D9}.Release|x86.Build.0 = Release|Any CPU
		{7FDC5E97-864A-4D4D-8B83-7F2F27AFABCC}.Debug|Any CPU.ActiveCfg = Debug|Any CPU
		{7FDC5E97-864A-4D4D-8B83-7F2F27AFABCC}.Debug|Any CPU.Build.0 = Debug|Any CPU
		{7FDC5E97-864A-4D4D-8B83-7F2F27AFABCC}.Debug|ARM.ActiveCfg = Debug|ARM
		{7FDC5E97-864A-4D4D-8B83-7F2F27AFABCC}.Debug|ARM.Build.0 = Debug|ARM
		{7FDC5E97-864A-4D4D-8B83-7F2F27AFABCC}.Debug|x86.ActiveCfg = Debug|x86
		{7FDC5E97-864A-4D4D-8B83-7F2F27AFABCC}.Debug|x86.Build.0 = Debug|x86
		{7FDC5E97-864A-4D4D-8B83-7F2F27AFABCC}.Publish|Any CPU.ActiveCfg = Publish|Any CPU
		{7FDC5E97-864A-4D4D-8B83-7F2F27AFABCC}.Publish|Any CPU.Build.0 = Publish|Any CPU
		{7FDC5E97-864A-4D4D-8B83-7F2F27AFABCC}.Publish|ARM.ActiveCfg = Publish|ARM
		{7FDC5E97-864A-4D4D-8B83-7F2F27AFABCC}.Publish|ARM.Build.0 = Publish|ARM
		{7FDC5E97-864A-4D4D-8B83-7F2F27AFABCC}.Publish|x86.ActiveCfg = Publish|x86
		{7FDC5E97-864A-4D4D-8B83-7F2F27AFABCC}.Publish|x86.Build.0 = Publish|x86
		{7FDC5E97-864A-4D4D-8B83-7F2F27AFABCC}.Release|Any CPU.ActiveCfg = Release|Any CPU
		{7FDC5E97-864A-4D4D-8B83-7F2F27AFABCC}.Release|Any CPU.Build.0 = Release|Any CPU
		{7FDC5E97-864A-4D4D-8B83-7F2F27AFABCC}.Release|ARM.ActiveCfg = Release|ARM
		{7FDC5E97-864A-4D4D-8B83-7F2F27AFABCC}.Release|ARM.Build.0 = Release|ARM
		{7FDC5E97-864A-4D4D-8B83-7F2F27AFABCC}.Release|x86.ActiveCfg = Release|x86
		{7FDC5E97-864A-4D4D-8B83-7F2F27AFABCC}.Release|x86.Build.0 = Release|x86
		{8135F574-8998-46CF-A236-DB2AB4E9F858}.Debug|Any CPU.ActiveCfg = Debug|Any CPU
		{8135F574-8998-46CF-A236-DB2AB4E9F858}.Debug|Any CPU.Build.0 = Debug|Any CPU
		{8135F574-8998-46CF-A236-DB2AB4E9F858}.Debug|Any CPU.Deploy.0 = Debug|Any CPU
		{8135F574-8998-46CF-A236-DB2AB4E9F858}.Debug|ARM.ActiveCfg = Debug|ARM
		{8135F574-8998-46CF-A236-DB2AB4E9F858}.Debug|ARM.Build.0 = Debug|ARM
		{8135F574-8998-46CF-A236-DB2AB4E9F858}.Debug|ARM.Deploy.0 = Debug|ARM
		{8135F574-8998-46CF-A236-DB2AB4E9F858}.Debug|x86.ActiveCfg = Debug|x86
		{8135F574-8998-46CF-A236-DB2AB4E9F858}.Debug|x86.Build.0 = Debug|x86
		{8135F574-8998-46CF-A236-DB2AB4E9F858}.Debug|x86.Deploy.0 = Debug|x86
		{8135F574-8998-46CF-A236-DB2AB4E9F858}.Publish|Any CPU.ActiveCfg = Publish|Any CPU
		{8135F574-8998-46CF-A236-DB2AB4E9F858}.Publish|Any CPU.Build.0 = Publish|Any CPU
		{8135F574-8998-46CF-A236-DB2AB4E9F858}.Publish|Any CPU.Deploy.0 = Publish|Any CPU
		{8135F574-8998-46CF-A236-DB2AB4E9F858}.Publish|ARM.ActiveCfg = Publish|ARM
		{8135F574-8998-46CF-A236-DB2AB4E9F858}.Publish|ARM.Build.0 = Publish|ARM
		{8135F574-8998-46CF-A236-DB2AB4E9F858}.Publish|ARM.Deploy.0 = Publish|ARM
		{8135F574-8998-46CF-A236-DB2AB4E9F858}.Publish|x86.ActiveCfg = Publish|x86
		{8135F574-8998-46CF-A236-DB2AB4E9F858}.Publish|x86.Build.0 = Publish|x86
		{8135F574-8998-46CF-A236-DB2AB4E9F858}.Publish|x86.Deploy.0 = Publish|x86
		{8135F574-8998-46CF-A236-DB2AB4E9F858}.Release|Any CPU.ActiveCfg = Release|Any CPU
		{8135F574-8998-46CF-A236-DB2AB4E9F858}.Release|Any CPU.Build.0 = Release|Any CPU
		{8135F574-8998-46CF-A236-DB2AB4E9F858}.Release|Any CPU.Deploy.0 = Release|Any CPU
		{8135F574-8998-46CF-A236-DB2AB4E9F858}.Release|ARM.ActiveCfg = Release|ARM
		{8135F574-8998-46CF-A236-DB2AB4E9F858}.Release|ARM.Build.0 = Release|ARM
		{8135F574-8998-46CF-A236-DB2AB4E9F858}.Release|ARM.Deploy.0 = Release|ARM
		{8135F574-8998-46CF-A236-DB2AB4E9F858}.Release|x86.ActiveCfg = Release|x86
		{8135F574-8998-46CF-A236-DB2AB4E9F858}.Release|x86.Build.0 = Release|x86
		{8135F574-8998-46CF-A236-DB2AB4E9F858}.Release|x86.Deploy.0 = Release|x86
		{74D4C33F-7CC8-4B2A-A7DF-D8B6E63B6EBD}.Debug|Any CPU.ActiveCfg = Debug|Any CPU
		{74D4C33F-7CC8-4B2A-A7DF-D8B6E63B6EBD}.Debug|Any CPU.Build.0 = Debug|Any CPU
		{74D4C33F-7CC8-4B2A-A7DF-D8B6E63B6EBD}.Debug|ARM.ActiveCfg = Debug|Any CPU
		{74D4C33F-7CC8-4B2A-A7DF-D8B6E63B6EBD}.Debug|ARM.Build.0 = Debug|Any CPU
		{74D4C33F-7CC8-4B2A-A7DF-D8B6E63B6EBD}.Debug|x86.ActiveCfg = Debug|Any CPU
		{74D4C33F-7CC8-4B2A-A7DF-D8B6E63B6EBD}.Debug|x86.Build.0 = Debug|Any CPU
		{74D4C33F-7CC8-4B2A-A7DF-D8B6E63B6EBD}.Publish|Any CPU.ActiveCfg = Publish|Any CPU
		{74D4C33F-7CC8-4B2A-A7DF-D8B6E63B6EBD}.Publish|Any CPU.Build.0 = Publish|Any CPU
		{74D4C33F-7CC8-4B2A-A7DF-D8B6E63B6EBD}.Publish|ARM.ActiveCfg = Publish|Any CPU
		{74D4C33F-7CC8-4B2A-A7DF-D8B6E63B6EBD}.Publish|ARM.Build.0 = Publish|Any CPU
		{74D4C33F-7CC8-4B2A-A7DF-D8B6E63B6EBD}.Publish|x86.ActiveCfg = Publish|Any CPU
		{74D4C33F-7CC8-4B2A-A7DF-D8B6E63B6EBD}.Publish|x86.Build.0 = Publish|Any CPU
		{74D4C33F-7CC8-4B2A-A7DF-D8B6E63B6EBD}.Release|Any CPU.ActiveCfg = Release|Any CPU
		{74D4C33F-7CC8-4B2A-A7DF-D8B6E63B6EBD}.Release|Any CPU.Build.0 = Release|Any CPU
		{74D4C33F-7CC8-4B2A-A7DF-D8B6E63B6EBD}.Release|ARM.ActiveCfg = Release|Any CPU
		{74D4C33F-7CC8-4B2A-A7DF-D8B6E63B6EBD}.Release|ARM.Build.0 = Release|Any CPU
		{74D4C33F-7CC8-4B2A-A7DF-D8B6E63B6EBD}.Release|x86.ActiveCfg = Release|Any CPU
		{74D4C33F-7CC8-4B2A-A7DF-D8B6E63B6EBD}.Release|x86.Build.0 = Release|Any CPU
		{18F1C8B6-FD1C-4E63-9FC5-1081120F7540}.Debug|Any CPU.ActiveCfg = Debug|Any CPU
		{18F1C8B6-FD1C-4E63-9FC5-1081120F7540}.Debug|Any CPU.Build.0 = Debug|Any CPU
		{18F1C8B6-FD1C-4E63-9FC5-1081120F7540}.Debug|ARM.ActiveCfg = Debug|Any CPU
		{18F1C8B6-FD1C-4E63-9FC5-1081120F7540}.Debug|ARM.Build.0 = Debug|Any CPU
		{18F1C8B6-FD1C-4E63-9FC5-1081120F7540}.Debug|x86.ActiveCfg = Debug|Any CPU
		{18F1C8B6-FD1C-4E63-9FC5-1081120F7540}.Debug|x86.Build.0 = Debug|Any CPU
		{18F1C8B6-FD1C-4E63-9FC5-1081120F7540}.Publish|Any CPU.ActiveCfg = Publish|Any CPU
		{18F1C8B6-FD1C-4E63-9FC5-1081120F7540}.Publish|Any CPU.Build.0 = Publish|Any CPU
		{18F1C8B6-FD1C-4E63-9FC5-1081120F7540}.Publish|ARM.ActiveCfg = Publish|Any CPU
		{18F1C8B6-FD1C-4E63-9FC5-1081120F7540}.Publish|ARM.Build.0 = Publish|Any CPU
		{18F1C8B6-FD1C-4E63-9FC5-1081120F7540}.Publish|x86.ActiveCfg = Publish|Any CPU
		{18F1C8B6-FD1C-4E63-9FC5-1081120F7540}.Publish|x86.Build.0 = Publish|Any CPU
		{18F1C8B6-FD1C-4E63-9FC5-1081120F7540}.Release|Any CPU.ActiveCfg = Release|Any CPU
		{18F1C8B6-FD1C-4E63-9FC5-1081120F7540}.Release|Any CPU.Build.0 = Release|Any CPU
		{18F1C8B6-FD1C-4E63-9FC5-1081120F7540}.Release|ARM.ActiveCfg = Release|Any CPU
		{18F1C8B6-FD1C-4E63-9FC5-1081120F7540}.Release|ARM.Build.0 = Release|Any CPU
		{18F1C8B6-FD1C-4E63-9FC5-1081120F7540}.Release|x86.ActiveCfg = Release|Any CPU
		{18F1C8B6-FD1C-4E63-9FC5-1081120F7540}.Release|x86.Build.0 = Release|Any CPU
		{9901CC77-B854-4EEA-B913-7BE2566005C3}.Debug|Any CPU.ActiveCfg = Debug|Any CPU
		{9901CC77-B854-4EEA-B913-7BE2566005C3}.Debug|Any CPU.Build.0 = Debug|Any CPU
		{9901CC77-B854-4EEA-B913-7BE2566005C3}.Debug|ARM.ActiveCfg = Debug|Any CPU
		{9901CC77-B854-4EEA-B913-7BE2566005C3}.Debug|ARM.Build.0 = Debug|Any CPU
		{9901CC77-B854-4EEA-B913-7BE2566005C3}.Debug|x86.ActiveCfg = Debug|Any CPU
		{9901CC77-B854-4EEA-B913-7BE2566005C3}.Debug|x86.Build.0 = Debug|Any CPU
		{9901CC77-B854-4EEA-B913-7BE2566005C3}.Publish|Any CPU.ActiveCfg = Publish|Any CPU
		{9901CC77-B854-4EEA-B913-7BE2566005C3}.Publish|Any CPU.Build.0 = Publish|Any CPU
		{9901CC77-B854-4EEA-B913-7BE2566005C3}.Publish|ARM.ActiveCfg = Publish|Any CPU
		{9901CC77-B854-4EEA-B913-7BE2566005C3}.Publish|ARM.Build.0 = Publish|Any CPU
		{9901CC77-B854-4EEA-B913-7BE2566005C3}.Publish|x86.ActiveCfg = Publish|Any CPU
		{9901CC77-B854-4EEA-B913-7BE2566005C3}.Publish|x86.Build.0 = Publish|Any CPU
		{9901CC77-B854-4EEA-B913-7BE2566005C3}.Release|Any CPU.ActiveCfg = Release|Any CPU
		{9901CC77-B854-4EEA-B913-7BE2566005C3}.Release|Any CPU.Build.0 = Release|Any CPU
		{9901CC77-B854-4EEA-B913-7BE2566005C3}.Release|ARM.ActiveCfg = Release|Any CPU
		{9901CC77-B854-4EEA-B913-7BE2566005C3}.Release|ARM.Build.0 = Release|Any CPU
		{9901CC77-B854-4EEA-B913-7BE2566005C3}.Release|x86.ActiveCfg = Release|Any CPU
		{9901CC77-B854-4EEA-B913-7BE2566005C3}.Release|x86.Build.0 = Release|Any CPU
	EndGlobalSection
	GlobalSection(SolutionProperties) = preSolution
		HideSolutionNode = FALSE
	EndGlobalSection
	GlobalSection(NestedProjects) = preSolution
		{AE943A5A-7CFD-4E0D-BA51-FB763AAEA9A3} = {B0D5FBC5-E0A7-43C1-83E0-AC6B9224ADB6}
		{6A3E4DBF-12AD-4636-ACB3-24B5172FAE03} = {C89D3C93-9BBC-47B9-943F-6962AACBE534}
		{976DB12F-9198-4AD9-981A-1652615C9B0D} = {ACF3EE89-CBCE-4AC8-A2DE-40D400175580}
		{C11A4561-CCB5-4C96-8DF2-B804031D89D8} = {ACF3EE89-CBCE-4AC8-A2DE-40D400175580}
		{DC005A64-FAE9-4CFA-ADC8-F1D1FE7FE6CD} = {ACF3EE89-CBCE-4AC8-A2DE-40D400175580}
		{A6590A96-22B3-4889-B80E-2C398810E441} = {EAF99021-123A-4E2F-9039-85003559100B}
		{44EE4F12-169F-4949-91F7-EFC7100C8BE5} = {EAF99021-123A-4E2F-9039-85003559100B}
		{3462F30B-0156-409C-B256-6046D6F1764B} = {9C6E9536-59A0-4F06-8085-0BB30ECB5158}
		{E8C4E483-0336-4D89-95F8-8924789ACA51} = {9C6E9536-59A0-4F06-8085-0BB30ECB5158}
		{4B1DED71-6B32-4D9A-A811-120E5F1187D9} = {9C6E9536-59A0-4F06-8085-0BB30ECB5158}
		{7FDC5E97-864A-4D4D-8B83-7F2F27AFABCC} = {E3FF1F4F-8871-4373-8C3C-9A13E2ADA06A}
		{8135F574-8998-46CF-A236-DB2AB4E9F858} = {E3FF1F4F-8871-4373-8C3C-9A13E2ADA06A}
		{74D4C33F-7CC8-4B2A-A7DF-D8B6E63B6EBD} = {ACF3EE89-CBCE-4AC8-A2DE-40D400175580}
		{18F1C8B6-FD1C-4E63-9FC5-1081120F7540} = {ACF3EE89-CBCE-4AC8-A2DE-40D400175580}
		{9901CC77-B854-4EEA-B913-7BE2566005C3} = {ACF3EE89-CBCE-4AC8-A2DE-40D400175580}
	EndGlobalSection
EndGlobal
