
Microsoft Visual Studio Solution File, Format Version 10.00
# Visual Studio 2008
Project("{FAE04EC0-301F-11D3-BF4B-00C04F79EFBC}") = "SmartThreadPoolCE", "SmartThreadPool\SmartThreadPoolCE.csproj", "{D81DD596-C71F-4AC2-816C-63C19589E7E0}"
EndProject
Project("{FAE04EC0-301F-11D3-BF4B-00C04F79EFBC}") = "SmartThreadPool", "SmartThreadPool\SmartThreadPool.csproj", "{74D4C33F-7CC8-4B2A-A7DF-D8B6E63B6EBD}"
EndProject
Project("{FAE04EC0-301F-11D3-BF4B-00C04F79EFBC}") = "STPExamples", "STPExamples\STPExamples.csproj", "{AE943A5A-7CFD-4E0D-BA51-FB763AAEA9A3}"
EndProject
Project("{FAE04EC0-301F-11D3-BF4B-00C04F79EFBC}") = "STPTests", "STPTests\STPTests.csproj", "{6A3E4DBF-12AD-4636-ACB3-24B5172FAE03}"
EndProject
Project("{FAE04EC0-301F-11D3-BF4B-00C04F79EFBC}") = "TestSmartThreadPool", "TestSmartThreadPool\TestSmartThreadPool.csproj", "{976DB12F-9198-4AD9-981A-1652615C9B0D}"
EndProject
Project("{FAE04EC0-301F-11D3-BF4B-00C04F79EFBC}") = "UsageControl", "UsageControl\UsageControl.csproj", "{C11A4561-CCB5-4C96-8DF2-B804031D89D8}"
EndProject
Project("{FAE04EC0-301F-11D3-BF4B-00C04F79EFBC}") = "WorkItemsGroupDemo", "WorkItemsGroupDemo\WorkItemsGroupDemo.csproj", "{DC005A64-FAE9-4CFA-ADC8-F1D1FE7FE6CD}"
EndProject
Project("{FAE04EC0-301F-11D3-BF4B-00C04F79EFBC}") = "STPCEDemo", "STPCEDemo\STPCEDemo.csproj", "{356114BA-5F10-4DB6-9971-987CE11F765F}"
EndProject
Project("{FAE04EC0-301F-11D3-BF4B-00C04F79EFBC}") = "SmartThreadPoolSL", "SmartThreadPool\SmartThreadPoolSL.csproj", "{A6590A96-22B3-4889-B80E-2C398810E441}"
EndProject
Project("{FAE04EC0-301F-11D3-BF4B-00C04F79EFBC}") = "STPSLDemo", "STPSLDemo\STPSLDemo.csproj", "{44EE4F12-169F-4949-91F7-EFC7100C8BE5}"
EndProject
Project("{FAE04EC0-301F-11D3-BF4B-00C04F79EFBC}") = "SmartThreadPoolMono", "SmartThreadPool\SmartThreadPoolMono.csproj", "{3462F30B-0156-409C-B256-6046D6F1764B}"
EndProject
Project("{2150E333-8FDC-42A3-9474-1A3956D46DE8}") = "CE", "CE", "{655817E0-5892-4E47-9598-A5AB25B9B64D}"
EndProject
Project("{2150E333-8FDC-42A3-9474-1A3956D46DE8}") = "Silverlight", "Silverlight", "{EAF99021-123A-4E2F-9039-85003559100B}"
EndProject
Project("{2150E333-8FDC-42A3-9474-1A3956D46DE8}") = "Mono", "Mono", "{9C6E9536-59A0-4F06-8085-0BB30ECB5158}"
EndProject
Project("{FAE04EC0-301F-11D3-BF4B-00C04F79EFBC}") = "TestSmartThreadPoolMono", "TestSmartThreadPool\TestSmartThreadPoolMono.csproj", "{E8C4E483-0336-4D89-95F8-8924789ACA51}"
EndProject
Project("{2150E333-8FDC-42A3-9474-1A3956D46DE8}") = "Examples", "Examples", "{B0D5FBC5-E0A7-43C1-83E0-AC6B9224ADB6}"
EndProject
Project("{2150E333-8FDC-42A3-9474-1A3956D46DE8}") = "Tests", "Tests", "{C89D3C93-9BBC-47B9-943F-6962AACBE534}"
EndProject
Project("{FAE04EC0-301F-11D3-BF4B-00C04F79EFBC}") = "WorkItemsGroupDemoMono", "WorkItemsGroupDemo\WorkItemsGroupDemoMono.csproj", "{4B1DED71-6B32-4D9A-A811-120E5F1187D9}"
EndProject
Global
	GlobalSection(SolutionConfigurationPlatforms) = preSolution
		Debug|Any CPU = Debug|Any CPU
		Release|Any CPU = Release|Any CPU
	EndGlobalSection
	GlobalSection(ProjectConfigurationPlatforms) = postSolution
		{D81DD596-C71F-4AC2-816C-63C19589E7E0}.Debug|Any CPU.ActiveCfg = Debug|Any CPU
		{D81DD596-C71F-4AC2-816C-63C19589E7E0}.Debug|Any CPU.Build.0 = Debug|Any CPU
		{D81DD596-C71F-4AC2-816C-63C19589E7E0}.Release|Any CPU.ActiveCfg = Release|Any CPU
		{D81DD596-C71F-4AC2-816C-63C19589E7E0}.Release|Any CPU.Build.0 = Release|Any CPU
		{74D4C33F-7CC8-4B2A-A7DF-D8B6E63B6EBD}.Debug|Any CPU.ActiveCfg = Debug|Any CPU
		{74D4C33F-7CC8-4B2A-A7DF-D8B6E63B6EBD}.Debug|Any CPU.Build.0 = Debug|Any CPU
		{74D4C33F-7CC8-4B2A-A7DF-D8B6E63B6EBD}.Release|Any CPU.ActiveCfg = Release|Any CPU
		{74D4C33F-7CC8-4B2A-A7DF-D8B6E63B6EBD}.Release|Any CPU.Build.0 = Release|Any CPU
		{AE943A5A-7CFD-4E0D-BA51-FB763AAEA9A3}.Debug|Any CPU.ActiveCfg = Debug|Any CPU
		{AE943A5A-7CFD-4E0D-BA51-FB763AAEA9A3}.Debug|Any CPU.Build.0 = Debug|Any CPU
		{AE943A5A-7CFD-4E0D-BA51-FB763AAEA9A3}.Release|Any CPU.ActiveCfg = Release|Any CPU
		{AE943A5A-7CFD-4E0D-BA51-FB763AAEA9A3}.Release|Any CPU.Build.0 = Release|Any CPU
		{6A3E4DBF-12AD-4636-ACB3-24B5172FAE03}.Debug|Any CPU.ActiveCfg = Debug|Any CPU
		{6A3E4DBF-12AD-4636-ACB3-24B5172FAE03}.Debug|Any CPU.Build.0 = Debug|Any CPU
		{6A3E4DBF-12AD-4636-ACB3-24B5172FAE03}.Release|Any CPU.ActiveCfg = Release|Any CPU
		{6A3E4DBF-12AD-4636-ACB3-24B5172FAE03}.Release|Any CPU.Build.0 = Release|Any CPU
		{976DB12F-9198-4AD9-981A-1652615C9B0D}.Debug|Any CPU.ActiveCfg = Debug|Any CPU
		{976DB12F-9198-4AD9-981A-1652615C9B0D}.Debug|Any CPU.Build.0 = Debug|Any CPU
		{976DB12F-9198-4AD9-981A-1652615C9B0D}.Release|Any CPU.ActiveCfg = Release|Any CPU
		{976DB12F-9198-4AD9-981A-1652615C9B0D}.Release|Any CPU.Build.0 = Release|Any CPU
		{C11A4561-CCB5-4C96-8DF2-B804031D89D8}.Debug|Any CPU.ActiveCfg = Debug|Any CPU
		{C11A4561-CCB5-4C96-8DF2-B804031D89D8}.Debug|Any CPU.Build.0 = Debug|Any CPU
		{C11A4561-CCB5-4C96-8DF2-B804031D89D8}.Release|Any CPU.ActiveCfg = Release|Any CPU
		{C11A4561-CCB5-4C96-8DF2-B804031D89D8}.Release|Any CPU.Build.0 = Release|Any CPU
		{DC005A64-FAE9-4CFA-ADC8-F1D1FE7FE6CD}.Debug|Any CPU.ActiveCfg = Debug|Any CPU
		{DC005A64-FAE9-4CFA-ADC8-F1D1FE7FE6CD}.Debug|Any CPU.Build.0 = Debug|Any CPU
		{DC005A64-FAE9-4CFA-ADC8-F1D1FE7FE6CD}.Release|Any CPU.ActiveCfg = Release|Any CPU
		{DC005A64-FAE9-4CFA-ADC8-F1D1FE7FE6CD}.Release|Any CPU.Build.0 = Release|Any CPU
		{356114BA-5F10-4DB6-9971-987CE11F765F}.Debug|Any CPU.ActiveCfg = Debug|Any CPU
		{356114BA-5F10-4DB6-9971-987CE11F765F}.Debug|Any CPU.Build.0 = Debug|Any CPU
		{356114BA-5F10-4DB6-9971-987CE11F765F}.Release|Any CPU.ActiveCfg = Release|Any CPU
		{356114BA-5F10-4DB6-9971-987CE11F765F}.Release|Any CPU.Build.0 = Release|Any CPU
		{A6590A96-22B3-4889-B80E-2C398810E441}.Debug|Any CPU.ActiveCfg = Debug|Any CPU
		{A6590A96-22B3-4889-B80E-2C398810E441}.Debug|Any CPU.Build.0 = Debug|Any CPU
		{A6590A96-22B3-4889-B80E-2C398810E441}.Release|Any CPU.ActiveCfg = Release|Any CPU
		{A6590A96-22B3-4889-B80E-2C398810E441}.Release|Any CPU.Build.0 = Release|Any CPU
		{44EE4F12-169F-4949-91F7-EFC7100C8BE5}.Debug|Any CPU.ActiveCfg = Debug|Any CPU
		{44EE4F12-169F-4949-91F7-EFC7100C8BE5}.Debug|Any CPU.Build.0 = Debug|Any CPU
		{44EE4F12-169F-4949-91F7-EFC7100C8BE5}.Release|Any CPU.ActiveCfg = Release|Any CPU
		{44EE4F12-169F-4949-91F7-EFC7100C8BE5}.Release|Any CPU.Build.0 = Release|Any CPU
		{3462F30B-0156-409C-B256-6046D6F1764B}.Debug|Any CPU.ActiveCfg = Debug|Any CPU
		{3462F30B-0156-409C-B256-6046D6F1764B}.Debug|Any CPU.Build.0 = Debug|Any CPU
		{3462F30B-0156-409C-B256-6046D6F1764B}.Release|Any CPU.ActiveCfg = Release|Any CPU
		{3462F30B-0156-409C-B256-6046D6F1764B}.Release|Any CPU.Build.0 = Release|Any CPU
		{E8C4E483-0336-4D89-95F8-8924789ACA51}.Debug|Any CPU.ActiveCfg = Debug|Any CPU
		{E8C4E483-0336-4D89-95F8-8924789ACA51}.Debug|Any CPU.Build.0 = Debug|Any CPU
		{E8C4E483-0336-4D89-95F8-8924789ACA51}.Release|Any CPU.ActiveCfg = Release|Any CPU
		{E8C4E483-0336-4D89-95F8-8924789ACA51}.Release|Any CPU.Build.0 = Release|Any CPU
		{4B1DED71-6B32-4D9A-A811-120E5F1187D9}.Debug|Any CPU.ActiveCfg = Debug|Any CPU
		{4B1DED71-6B32-4D9A-A811-120E5F1187D9}.Debug|Any CPU.Build.0 = Debug|Any CPU
		{4B1DED71-6B32-4D9A-A811-120E5F1187D9}.Release|Any CPU.ActiveCfg = Release|Any CPU
		{4B1DED71-6B32-4D9A-A811-120E5F1187D9}.Release|Any CPU.Build.0 = Release|Any CPU
	EndGlobalSection
	GlobalSection(SolutionProperties) = preSolution
		HideSolutionNode = FALSE
	EndGlobalSection
	GlobalSection(NestedProjects) = preSolution
		{356114BA-5F10-4DB6-9971-987CE11F765F} = {655817E0-5892-4E47-9598-A5AB25B9B64D}
		{D81DD596-C71F-4AC2-816C-63C19589E7E0} = {655817E0-5892-4E47-9598-A5AB25B9B64D}
		{976DB12F-9198-4AD9-981A-1652615C9B0D} = {B0D5FBC5-E0A7-43C1-83E0-AC6B9224ADB6}
		{C11A4561-CCB5-4C96-8DF2-B804031D89D8} = {B0D5FBC5-E0A7-43C1-83E0-AC6B9224ADB6}
		{DC005A64-FAE9-4CFA-ADC8-F1D1FE7FE6CD} = {B0D5FBC5-E0A7-43C1-83E0-AC6B9224ADB6}
		{AE943A5A-7CFD-4E0D-BA51-FB763AAEA9A3} = {B0D5FBC5-E0A7-43C1-83E0-AC6B9224ADB6}
		{6A3E4DBF-12AD-4636-ACB3-24B5172FAE03} = {C89D3C93-9BBC-47B9-943F-6962AACBE534}
		{44EE4F12-169F-4949-91F7-EFC7100C8BE5} = {EAF99021-123A-4E2F-9039-85003559100B}
		{A6590A96-22B3-4889-B80E-2C398810E441} = {EAF99021-123A-4E2F-9039-85003559100B}
		{3462F30B-0156-409C-B256-6046D6F1764B} = {9C6E9536-59A0-4F06-8085-0BB30ECB5158}
		{E8C4E483-0336-4D89-95F8-8924789ACA51} = {9C6E9536-59A0-4F06-8085-0BB30ECB5158}
		{4B1DED71-6B32-4D9A-A811-120E5F1187D9} = {9C6E9536-59A0-4F06-8085-0BB30ECB5158}
	EndGlobalSection
EndGlobal
